
Microsoft Visual Studio Solution File, Format Version 12.00
# Visual Studio Version 17
VisualStudioVersion = 17.8.34525.116
MinimumVisualStudioVersion = 10.0.40219.1
Project("{FAE04EC0-301F-11D3-BF4B-00C04F79EFBC}") = "OOD", "OOD.csproj", "{5AD56851-2BC9-46DB-AA9F-8C9D679A7760}"
EndProject
Global
	GlobalSection(SolutionConfigurationPlatforms) = preSolution
		Debug|Any CPU = Debug|Any CPU
		Release|Any CPU = Release|Any CPU
	EndGlobalSection
	GlobalSection(ProjectConfigurationPlatforms) = postSolution
		{5AD56851-2BC9-46DB-AA9F-8C9D679A7760}.Debug|Any CPU.ActiveCfg = Debug|Any CPU
		{5AD56851-2BC9-46DB-AA9F-8C9D679A7760}.Debug|Any CPU.Build.0 = Debug|Any CPU
		{5AD56851-2BC9-46DB-AA9F-8C9D679A7760}.Release|Any CPU.ActiveCfg = Release|Any CPU
		{5AD56851-2BC9-46DB-AA9F-8C9D679A7760}.Release|Any CPU.Build.0 = Release|Any CPU
	EndGlobalSection
	GlobalSection(SolutionProperties) = preSolution
		HideSolutionNode = FALSE
	EndGlobalSection
	GlobalSection(ExtensibilityGlobals) = postSolution
		SolutionGuid = {E2AD2AF1-C7E6-4719-BD6E-700DEA23D9D6}
	EndGlobalSection
EndGlobal
